
Microsoft Visual Studio Solution File, Format Version 12.00
# Visual Studio 15
VisualStudioVersion = 15.0.26124.0
MinimumVisualStudioVersion = 15.0.26124.0
Project("{FAE04EC0-301F-11D3-BF4B-00C04F79EFBC}") = "Domain", "Domain\Domain.csproj", "{CDC233B2-026E-4FC9-9BFB-0A6989C86447}"
EndProject
Project("{FAE04EC0-301F-11D3-BF4B-00C04F79EFBC}") = "Application", "Application\Application.csproj", "{EF0E6192-8BA2-4734-B117-50B4F2536DD7}"
EndProject
Project("{FAE04EC0-301F-11D3-BF4B-00C04F79EFBC}") = "Persistence", "Persistence\Persistence.csproj", "{1BE7CC41-7611-4787-9F83-ED77D49777B7}"
EndProject
Project("{FAE04EC0-301F-11D3-BF4B-00C04F79EFBC}") = "API", "API\API.csproj", "{B494D69C-9915-440E-9BB9-A9E82D67F4B9}"
EndProject
Global
	GlobalSection(SolutionConfigurationPlatforms) = preSolution
		Debug|Any CPU = Debug|Any CPU
		Debug|x64 = Debug|x64
		Debug|x86 = Debug|x86
		Release|Any CPU = Release|Any CPU
		Release|x64 = Release|x64
		Release|x86 = Release|x86
	EndGlobalSection
	GlobalSection(SolutionProperties) = preSolution
		HideSolutionNode = FALSE
	EndGlobalSection
	GlobalSection(ProjectConfigurationPlatforms) = postSolution
		{CDC233B2-026E-4FC9-9BFB-0A6989C86447}.Debug|Any CPU.ActiveCfg = Debug|Any CPU
		{CDC233B2-026E-4FC9-9BFB-0A6989C86447}.Debug|Any CPU.Build.0 = Debug|Any CPU
		{CDC233B2-026E-4FC9-9BFB-0A6989C86447}.Debug|x64.ActiveCfg = Debug|Any CPU
		{CDC233B2-026E-4FC9-9BFB-0A6989C86447}.Debug|x64.Build.0 = Debug|Any CPU
		{CDC233B2-026E-4FC9-9BFB-0A6989C86447}.Debug|x86.ActiveCfg = Debug|Any CPU
		{CDC233B2-026E-4FC9-9BFB-0A6989C86447}.Debug|x86.Build.0 = Debug|Any CPU
		{CDC233B2-026E-4FC9-9BFB-0A6989C86447}.Release|Any CPU.ActiveCfg = Release|Any CPU
		{CDC233B2-026E-4FC9-9BFB-0A6989C86447}.Release|Any CPU.Build.0 = Release|Any CPU
		{CDC233B2-026E-4FC9-9BFB-0A6989C86447}.Release|x64.ActiveCfg = Release|Any CPU
		{CDC233B2-026E-4FC9-9BFB-0A6989C86447}.Release|x64.Build.0 = Release|Any CPU
		{CDC233B2-026E-4FC9-9BFB-0A6989C86447}.Release|x86.ActiveCfg = Release|Any CPU
		{CDC233B2-026E-4FC9-9BFB-0A6989C86447}.Release|x86.Build.0 = Release|Any CPU
		{EF0E6192-8BA2-4734-B117-50B4F2536DD7}.Debug|Any CPU.ActiveCfg = Debug|Any CPU
		{EF0E6192-8BA2-4734-B117-50B4F2536DD7}.Debug|Any CPU.Build.0 = Debug|Any CPU
		{EF0E6192-8BA2-4734-B117-50B4F2536DD7}.Debug|x64.ActiveCfg = Debug|Any CPU
		{EF0E6192-8BA2-4734-B117-50B4F2536DD7}.Debug|x64.Build.0 = Debug|Any CPU
		{EF0E6192-8BA2-4734-B117-50B4F2536DD7}.Debug|x86.ActiveCfg = Debug|Any CPU
		{EF0E6192-8BA2-4734-B117-50B4F2536DD7}.Debug|x86.Build.0 = Debug|Any CPU
		{EF0E6192-8BA2-4734-B117-50B4F2536DD7}.Release|Any CPU.ActiveCfg = Release|Any CPU
		{EF0E6192-8BA2-4734-B117-50B4F2536DD7}.Release|Any CPU.Build.0 = Release|Any CPU
		{EF0E6192-8BA2-4734-B117-50B4F2536DD7}.Release|x64.ActiveCfg = Release|Any CPU
		{EF0E6192-8BA2-4734-B117-50B4F2536DD7}.Release|x64.Build.0 = Release|Any CPU
		{EF0E6192-8BA2-4734-B117-50B4F2536DD7}.Release|x86.ActiveCfg = Release|Any CPU
		{EF0E6192-8BA2-4734-B117-50B4F2536DD7}.Release|x86.Build.0 = Release|Any CPU
		{1BE7CC41-7611-4787-9F83-ED77D49777B7}.Debug|Any CPU.ActiveCfg = Debug|Any CPU
		{1BE7CC41-7611-4787-9F83-ED77D49777B7}.Debug|Any CPU.Build.0 = Debug|Any CPU
		{1BE7CC41-7611-4787-9F83-ED77D49777B7}.Debug|x64.ActiveCfg = Debug|Any CPU
		{1BE7CC41-7611-4787-9F83-ED77D49777B7}.Debug|x64.Build.0 = Debug|Any CPU
		{1BE7CC41-7611-4787-9F83-ED77D49777B7}.Debug|x86.ActiveCfg = Debug|Any CPU
		{1BE7CC41-7611-4787-9F83-ED77D49777B7}.Debug|x86.Build.0 = Debug|Any CPU
		{1BE7CC41-7611-4787-9F83-ED77D49777B7}.Release|Any CPU.ActiveCfg = Release|Any CPU
		{1BE7CC41-7611-4787-9F83-ED77D49777B7}.Release|Any CPU.Build.0 = Release|Any CPU
		{1BE7CC41-7611-4787-9F83-ED77D49777B7}.Release|x64.ActiveCfg = Release|Any CPU
		{1BE7CC41-7611-4787-9F83-ED77D49777B7}.Release|x64.Build.0 = Release|Any CPU
		{1BE7CC41-7611-4787-9F83-ED77D49777B7}.Release|x86.ActiveCfg = Release|Any CPU
		{1BE7CC41-7611-4787-9F83-ED77D49777B7}.Release|x86.Build.0 = Release|Any CPU
		{B494D69C-9915-440E-9BB9-A9E82D67F4B9}.Debug|Any CPU.ActiveCfg = Debug|Any CPU
		{B494D69C-9915-440E-9BB9-A9E82D67F4B9}.Debug|Any CPU.Build.0 = Debug|Any CPU
		{B494D69C-9915-440E-9BB9-A9E82D67F4B9}.Debug|x64.ActiveCfg = Debug|Any CPU
		{B494D69C-9915-440E-9BB9-A9E82D67F4B9}.Debug|x64.Build.0 = Debug|Any CPU
		{B494D69C-9915-440E-9BB9-A9E82D67F4B9}.Debug|x86.ActiveCfg = Debug|Any CPU
		{B494D69C-9915-440E-9BB9-A9E82D67F4B9}.Debug|x86.Build.0 = Debug|Any CPU
		{B494D69C-9915-440E-9BB9-A9E82D67F4B9}.Release|Any CPU.ActiveCfg = Release|Any CPU
		{B494D69C-9915-440E-9BB9-A9E82D67F4B9}.Release|Any CPU.Build.0 = Release|Any CPU
		{B494D69C-9915-440E-9BB9-A9E82D67F4B9}.Release|x64.ActiveCfg = Release|Any CPU
		{B494D69C-9915-440E-9BB9-A9E82D67F4B9}.Release|x64.Build.0 = Release|Any CPU
		{B494D69C-9915-440E-9BB9-A9E82D67F4B9}.Release|x86.ActiveCfg = Release|Any CPU
		{B494D69C-9915-440E-9BB9-A9E82D67F4B9}.Release|x86.Build.0 = Release|Any CPU
	EndGlobalSection
EndGlobal
